{
  "originHash" : "504a68837e5809de78d40418c5bd097114a0ae5cb53b5a40cc3d33ff07b0da6d",
  "pins" : [
    {
      "identity" : "plaid-link-ios",
      "kind" : "remoteSourceControl",
      "location" : "https://github.com/plaid/plaid-link-ios",
      "state" : {
        "revision" : "ce3caa92ecd63ba824c02a1765977b1dc32d4a6d",
        "version" : "6.4.1"
      }
    }
  ],
  "version" : 3
}
