// !$*UTF8*$!
{
	archiveVersion = 1;
	classes = {
	};
	objectVersion = 56;
	objects = {

/* Begin PBXBuildFile section */
		09DAEBCF30F627BE59733E9B /* SecureKeyManager.swift in Sources */ = {isa = PBXBuildFile; fileRef = DD7495A955FAFF22E8195003 /* SecureKeyManager.swift */; };
		17194166DCB18B258065C268 /* PlaidAccount.swift in Sources */ = {isa = PBXBuildFile; fileRef = 0332F96FFE078D44705C0965 /* PlaidAccount.swift */; };
		1D000001294B8F5A00C8A8A8 /* MortgageGuardianApp.swift in Sources */ = {isa = PBXBuildFile; fileRef = 1D000000294B8F5A00C8A8A8 /* MortgageGuardianApp.swift */; };
		1D000003294B8F5A00C8A8A8 /* ContentView.swift in Sources */ = {isa = PBXBuildFile; fileRef = 1D000002294B8F5A00C8A8A8 /* ContentView.swift */; };
		1D000005294B8F5B00C8A8A8 /* Assets.xcassets in Resources */ = {isa = PBXBuildFile; fileRef = 1D000004294B8F5B00C8A8A8 /* Assets.xcassets */; };
		1D000008294B8F5B00C8A8A8 /* Preview Assets.xcassets in Resources */ = {isa = PBXBuildFile; fileRef = 1D000007294B8F5B00C8A8A8 /* Preview Assets.xcassets */; };
		362B240E8596615A7D85B65F /* APIConfiguration.swift in Sources */ = {isa = PBXBuildFile; fileRef = 6E1E98D4FD4A054DE50CB541 /* APIConfiguration.swift */; };
		4C4443BB4BE8184C58A49BFD /* RealPlaidConnectionView.swift in Sources */ = {isa = PBXBuildFile; fileRef = C43EABF7802DC41281DE5BBA /* RealPlaidConnectionView.swift */; };
		A2501D369327888024602AAD /* Pods_MortgageGuardian.framework in Frameworks */ = {isa = PBXBuildFile; fileRef = 101E2AB650FBE1EFD3C66536 /* Pods_MortgageGuardian.framework */; };
		F4FD0A761798883E8200D80F /* PlaidLinkService.swift in Sources */ = {isa = PBXBuildFile; fileRef = 6AEEE4B45ACEA51A18398F19 /* PlaidLinkService.swift */; };
/* End PBXBuildFile section */

/* Begin PBXFileReference section */
		0332F96FFE078D44705C0965 /* PlaidAccount.swift */ = {isa = PBXFileReference; lastKnownFileType = sourcecode.swift; path = PlaidAccount.swift; sourceTree = "<group>"; };
		101E2AB650FBE1EFD3C66536 /* Pods_MortgageGuardian.framework */ = {isa = PBXFileReference; explicitFileType = wrapper.framework; includeInIndex = 0; path = Pods_MortgageGuardian.framework; sourceTree = BUILT_PRODUCTS_DIR; };
		1D000000294B8F5A00C8A8A8 /* MortgageGuardianApp.swift */ = {isa = PBXFileReference; lastKnownFileType = sourcecode.swift; path = MortgageGuardianApp.swift; sourceTree = "<group>"; };
		1D000002294B8F5A00C8A8A8 /* ContentView.swift */ = {isa = PBXFileReference; lastKnownFileType = sourcecode.swift; path = ContentView.swift; sourceTree = "<group>"; };
		1D000004294B8F5B00C8A8A8 /* Assets.xcassets */ = {isa = PBXFileReference; lastKnownFileType = folder.assetcatalog; path = Assets.xcassets; sourceTree = "<group>"; };
		1D000007294B8F5B00C8A8A8 /* Preview Assets.xcassets */ = {isa = PBXFileReference; lastKnownFileType = folder.assetcatalog; path = "Preview Assets.xcassets"; sourceTree = "<group>"; };
		1DFDFDFD294B8F5A00C8A8A8 /* MortgageGuardian.app */ = {isa = PBXFileReference; explicitFileType = wrapper.application; includeInIndex = 0; path = MortgageGuardian.app; sourceTree = BUILT_PRODUCTS_DIR; };
		557D367C5DDDAFE60DCAF5CF /* Pods-MortgageGuardian.release.xcconfig */ = {isa = PBXFileReference; includeInIndex = 1; lastKnownFileType = text.xcconfig; name = "Pods-MortgageGuardian.release.xcconfig"; path = "Target Support Files/Pods-MortgageGuardian/Pods-MortgageGuardian.release.xcconfig"; sourceTree = "<group>"; };
		6AEEE4B45ACEA51A18398F19 /* PlaidLinkService.swift */ = {isa = PBXFileReference; lastKnownFileType = sourcecode.swift; path = PlaidLinkService.swift; sourceTree = "<group>"; };
		6E1E98D4FD4A054DE50CB541 /* APIConfiguration.swift */ = {isa = PBXFileReference; lastKnownFileType = sourcecode.swift; path = APIConfiguration.swift; sourceTree = "<group>"; };
		BB1C01AA876D5C55E2B8D9AE /* Pods-MortgageGuardian.debug.xcconfig */ = {isa = PBXFileReference; includeInIndex = 1; lastKnownFileType = text.xcconfig; name = "Pods-MortgageGuardian.debug.xcconfig"; path = "Target Support Files/Pods-MortgageGuardian/Pods-MortgageGuardian.debug.xcconfig"; sourceTree = "<group>"; };
		C43EABF7802DC41281DE5BBA /* RealPlaidConnectionView.swift */ = {isa = PBXFileReference; lastKnownFileType = sourcecode.swift; path = RealPlaidConnectionView.swift; sourceTree = "<group>"; };
		DD7495A955FAFF22E8195003 /* SecureKeyManager.swift */ = {isa = PBXFileReference; lastKnownFileType = sourcecode.swift; path = SecureKeyManager.swift; sourceTree = "<group>"; };
/* End PBXFileReference section */

/* Begin PBXFrameworksBuildPhase section */
		1DFDFDFA294B8F5A00C8A8A8 /* Frameworks */ = {
			isa = PBXFrameworksBuildPhase;
			buildActionMask = 2147483647;
			files = (
				A2501D369327888024602AAD /* Pods_MortgageGuardian.framework in Frameworks */,
			);
			runOnlyForDeploymentPostprocessing = 0;
		};
/* End PBXFrameworksBuildPhase section */

/* Begin PBXGroup section */
		1D000006294B8F5B00C8A8A8 /* Preview Content */ = {
			isa = PBXGroup;
			children = (
				1D000007294B8F5B00C8A8A8 /* Preview Assets.xcassets */,
			);
			path = "Preview Content";
			sourceTree = "<group>";
		};
		1DFDFDEC294B8F5A00C8A8A8 = {
			isa = PBXGroup;
			children = (
				1DFDFDFF294B8F5A00C8A8A8 /* MortgageGuardian */,
				1DFDFDFB294B8F5A00C8A8A8 /* Products */,
				E378B555392BE7CDC9B39F4D /* Pods */,
				660BDAECEDE912C0F3F38304 /* Frameworks */,
			);
			sourceTree = "<group>";
		};
		1DFDFDFB294B8F5A00C8A8A8 /* Products */ = {
			isa = PBXGroup;
			children = (
				1DFDFDFD294B8F5A00C8A8A8 /* MortgageGuardian.app */,
			);
			name = Products;
			sourceTree = "<group>";
		};
		1DFDFDFF294B8F5A00C8A8A8 /* MortgageGuardian */ = {
			isa = PBXGroup;
			children = (
				1D000000294B8F5A00C8A8A8 /* MortgageGuardianApp.swift */,
				1D000002294B8F5A00C8A8A8 /* ContentView.swift */,
				20CA005F001E39B6D0A60C2D /* Models */,
				21F558C793CBEBC90ED50DDA /* Services */,
				6934E1BECC35344B1654E9C4 /* Views */,
				B24B66EE093BE06D6040258B /* Configuration */,
				1D000004294B8F5B00C8A8A8 /* Assets.xcassets */,
				1D000006294B8F5B00C8A8A8 /* Preview Content */,
			);
			path = MortgageGuardian;
			sourceTree = "<group>";
		};
		20CA005F001E39B6D0A60C2D /* Models */ = {
			isa = PBXGroup;
			children = (
				0332F96FFE078D44705C0965 /* PlaidAccount.swift */,
			);
			path = Models;
			sourceTree = "<group>";
		};
		21F558C793CBEBC90ED50DDA /* Services */ = {
			isa = PBXGroup;
			children = (
				6AEEE4B45ACEA51A18398F19 /* PlaidLinkService.swift */,
				DD7495A955FAFF22E8195003 /* SecureKeyManager.swift */,
			);
			path = Services;
			sourceTree = "<group>";
		};
		660BDAECEDE912C0F3F38304 /* Frameworks */ = {
			isa = PBXGroup;
			children = (
				101E2AB650FBE1EFD3C66536 /* Pods_MortgageGuardian.framework */,
			);
			name = Frameworks;
			sourceTree = "<group>";
		};
		6934E1BECC35344B1654E9C4 /* Views */ = {
			isa = PBXGroup;
			children = (
				C43EABF7802DC41281DE5BBA /* RealPlaidConnectionView.swift */,
			);
			path = Views;
			sourceTree = "<group>";
		};
		B24B66EE093BE06D6040258B /* Configuration */ = {
			isa = PBXGroup;
			children = (
				6E1E98D4FD4A054DE50CB541 /* APIConfiguration.swift */,
			);
			path = Configuration;
			sourceTree = "<group>";
		};
		E378B555392BE7CDC9B39F4D /* Pods */ = {
			isa = PBXGroup;
			children = (
				BB1C01AA876D5C55E2B8D9AE /* Pods-MortgageGuardian.debug.xcconfig */,
				557D367C5DDDAFE60DCAF5CF /* Pods-MortgageGuardian.release.xcconfig */,
			);
			name = Pods;
			path = Pods;
			sourceTree = "<group>";
		};
/* End PBXGroup section */

/* Begin PBXNativeTarget section */
		1DFDFDFC294B8F5A00C8A8A8 /* MortgageGuardian */ = {
			isa = PBXNativeTarget;
			buildConfigurationList = 1D00000B294B8F5B00C8A8A8 /* Build configuration list for PBXNativeTarget "MortgageGuardian" */;
			buildPhases = (
				FFD031E55EC37968D0AC4F60 /* [CP] Check Pods Manifest.lock */,
				1DFDFDFA294B8F5A00C8A8A8 /* Frameworks */,
				1DFDFDF9294B8F5A00C8A8A8 /* Sources */,
				1DFDFDF8294B8F5A00C8A8A8 /* Resources */,
				D7698655A182F6013EEF5C98 /* [CP] Embed Pods Frameworks */,
			);
			buildRules = (
			);
			dependencies = (
			);
			name = MortgageGuardian;
			productName = MortgageGuardian;
			productReference = 1DFDFDFD294B8F5A00C8A8A8 /* MortgageGuardian.app */;
			productType = "com.apple.product-type.application";
		};
/* End PBXNativeTarget section */

/* Begin PBXProject section */
		1DFDFDEE294B8F5A00C8A8A8 /* Project object */ = {
			isa = PBXProject;
			attributes = {
				BuildIndependentTargetsInParallel = 1;
				LastSwiftUpdateCheck = 1500;
				LastUpgradeCheck = 2600;
				TargetAttributes = {
					1DFDFDFC294B8F5A00C8A8A8 = {
						CreatedOnToolsVersion = 15.0;
					};
				};
			};
			buildConfigurationList = 1DFDFDEB294B8F5A00C8A8A8 /* Build configuration list for PBXProject "MortgageGuardian" */;
			compatibilityVersion = "Xcode 14.0";
			developmentRegion = en;
			hasScannedForEncodings = 0;
			knownRegions = (
				en,
				Base,
			);
			mainGroup = 1DFDFDEC294B8F5A00C8A8A8;
			productRefGroup = 1DFDFDFB294B8F5A00C8A8A8 /* Products */;
			projectDirPath = "";
			projectRoot = "";
			targets = (
				1DFDFDFC294B8F5A00C8A8A8 /* MortgageGuardian */,
			);
		};
/* End PBXProject section */

/* Begin PBXResourcesBuildPhase section */
		1DFDFDF8294B8F5A00C8A8A8 /* Resources */ = {
			isa = PBXResourcesBuildPhase;
			buildActionMask = 2147483647;
			files = (
				1D000008294B8F5B00C8A8A8 /* Preview Assets.xcassets in Resources */,
				1D000005294B8F5B00C8A8A8 /* Assets.xcassets in Resources */,
			);
			runOnlyForDeploymentPostprocessing = 0;
		};
/* End PBXResourcesBuildPhase section */

/* Begin PBXShellScriptBuildPhase section */
		D7698655A182F6013EEF5C98 /* [CP] Embed Pods Frameworks */ = {
			isa = PBXShellScriptBuildPhase;
			buildActionMask = 2147483647;
			files = (
			);
			inputFileListPaths = (
				"${PODS_ROOT}/Target Support Files/Pods-MortgageGuardian/Pods-MortgageGuardian-frameworks-${CONFIGURATION}-input-files.xcfilelist",
			);
			name = "[CP] Embed Pods Frameworks";
			outputFileListPaths = (
				"${PODS_ROOT}/Target Support Files/Pods-MortgageGuardian/Pods-MortgageGuardian-frameworks-${CONFIGURATION}-output-files.xcfilelist",
			);
			runOnlyForDeploymentPostprocessing = 0;
			shellPath = /bin/sh;
			shellScript = "\"${PODS_ROOT}/Target Support Files/Pods-MortgageGuardian/Pods-MortgageGuardian-frameworks.sh\"\n";
			showEnvVarsInLog = 0;
		};
		FFD031E55EC37968D0AC4F60 /* [CP] Check Pods Manifest.lock */ = {
			isa = PBXShellScriptBuildPhase;
			buildActionMask = 2147483647;
			files = (
			);
			inputFileListPaths = (
			);
			inputPaths = (
				"${PODS_PODFILE_DIR_PATH}/Podfile.lock",
				"${PODS_ROOT}/Manifest.lock",
			);
			name = "[CP] Check Pods Manifest.lock";
			outputFileListPaths = (
			);
			outputPaths = (
				"$(DERIVED_FILE_DIR)/Pods-MortgageGuardian-checkManifestLockResult.txt",
			);
			runOnlyForDeploymentPostprocessing = 0;
			shellPath = /bin/sh;
			shellScript = "diff \"${PODS_PODFILE_DIR_PATH}/Podfile.lock\" \"${PODS_ROOT}/Manifest.lock\" > /dev/null\nif [ $? != 0 ] ; then\n    # print error to STDERR\n    echo \"error: The sandbox is not in sync with the Podfile.lock. Run 'pod install' or update your CocoaPods installation.\" >&2\n    exit 1\nfi\n# This output is used by Xcode 'outputs' to avoid re-running this script phase.\necho \"SUCCESS\" > \"${SCRIPT_OUTPUT_FILE_0}\"\n";
			showEnvVarsInLog = 0;
		};
/* End PBXShellScriptBuildPhase section */

/* Begin PBXSourcesBuildPhase section */
		1DFDFDF9294B8F5A00C8A8A8 /* Sources */ = {
			isa = PBXSourcesBuildPhase;
			buildActionMask = 2147483647;
			files = (
				1D000003294B8F5A00C8A8A8 /* ContentView.swift in Sources */,
				1D000001294B8F5A00C8A8A8 /* MortgageGuardianApp.swift in Sources */,
				F4FD0A761798883E8200D80F /* PlaidLinkService.swift in Sources */,
				4C4443BB4BE8184C58A49BFD /* RealPlaidConnectionView.swift in Sources */,
				17194166DCB18B258065C268 /* PlaidAccount.swift in Sources */,
				362B240E8596615A7D85B65F /* APIConfiguration.swift in Sources */,
				09DAEBCF30F627BE59733E9B /* SecureKeyManager.swift in Sources */,
			);
			runOnlyForDeploymentPostprocessing = 0;
		};
/* End PBXSourcesBuildPhase section */

/* Begin XCBuildConfiguration section */
		1D000009294B8F5B00C8A8A8 /* Debug */ = {
			isa = XCBuildConfiguration;
			buildSettings = {
				ALWAYS_SEARCH_USER_PATHS = NO;
				ASSETCATALOG_COMPILER_GENERATE_SWIFT_ASSET_SYMBOL_EXTENSIONS = YES;
				CLANG_ANALYZER_NONNULL = YES;
				CLANG_ANALYZER_NUMBER_OBJECT_CONVERSION = YES_AGGRESSIVE;
				CLANG_CXX_LANGUAGE_STANDARD = "gnu++20";
				CLANG_ENABLE_MODULES = YES;
				CLANG_ENABLE_OBJC_ARC = YES;
				CLANG_ENABLE_OBJC_WEAK = YES;
				CLANG_WARN_BLOCK_CAPTURE_AUTORELEASING = YES;
				CLANG_WARN_BOOL_CONVERSION = YES;
				CLANG_WARN_COMMA = YES;
				CLANG_WARN_CONSTANT_CONVERSION = YES;
				CLANG_WARN_DEPRECATED_OBJC_IMPLEMENTATIONS = YES;
				CLANG_WARN_DIRECT_OBJC_ISA_USAGE = YES_ERROR;
				CLANG_WARN_DOCUMENTATION_COMMENTS = YES;
				CLANG_WARN_EMPTY_BODY = YES;
				CLANG_WARN_ENUM_CONVERSION = YES;
				CLANG_WARN_INFINITE_RECURSION = YES;
				CLANG_WARN_INT_CONVERSION = YES;
				CLANG_WARN_NON_LITERAL_NULL_CONVERSION = YES;
				CLANG_WARN_OBJC_IMPLICIT_RETAIN_SELF = YES;
				CLANG_WARN_OBJC_LITERAL_CONVERSION = YES;
				CLANG_WARN_OBJC_ROOT_CLASS = YES_ERROR;
				CLANG_WARN_QUOTED_INCLUDE_IN_FRAMEWORK_HEADER = YES;
				CLANG_WARN_RANGE_LOOP_ANALYSIS = YES;
				CLANG_WARN_STRICT_PROTOTYPES = YES;
				CLANG_WARN_SUSPICIOUS_MOVE = YES;
				CLANG_WARN_UNGUARDED_AVAILABILITY = YES_AGGRESSIVE;
				CLANG_WARN_UNREACHABLE_CODE = YES;
				CLANG_WARN__DUPLICATE_METHOD_MATCH = YES;
				COPY_PHASE_STRIP = NO;
				DEBUG_INFORMATION_FORMAT = dwarf;
				DEVELOPMENT_TEAM = AQ4G5FP8KF;
				ENABLE_STRICT_OBJC_MSGSEND = YES;
				ENABLE_TESTABILITY = YES;
				ENABLE_USER_SCRIPT_SANDBOXING = YES;
				GCC_C_LANGUAGE_STANDARD = gnu17;
				GCC_DYNAMIC_NO_PIC = NO;
				GCC_NO_COMMON_BLOCKS = YES;
				GCC_OPTIMIZATION_LEVEL = 0;
				GCC_PREPROCESSOR_DEFINITIONS = (
					"DEBUG=1",
					"$(inherited)",
				);
				GCC_WARN_64_TO_32_BIT_CONVERSION = YES;
				GCC_WARN_ABOUT_RETURN_TYPE = YES_ERROR;
				GCC_WARN_UNDECLARED_SELECTOR = YES;
				GCC_WARN_UNINITIALIZED_AUTOS = YES_AGGRESSIVE;
				GCC_WARN_UNUSED_FUNCTION = YES;
				GCC_WARN_UNUSED_VARIABLE = YES;
				IPHONEOS_DEPLOYMENT_TARGET = 26.0;
				LOCALIZATION_PREFERS_STRING_CATALOGS = YES;
				MTL_ENABLE_DEBUG_INFO = INCLUDE_SOURCE;
				MTL_FAST_MATH = YES;
				ONLY_ACTIVE_ARCH = YES;
				SDKROOT = iphoneos;
				STRING_CATALOG_GENERATE_SYMBOLS = YES;
				SWIFT_ACTIVE_COMPILATION_CONDITIONS = "DEBUG $(inherited)";
				SWIFT_OPTIMIZATION_LEVEL = "-Onone";
			};
			name = Debug;
		};
		1D00000A294B8F5B00C8A8A8 /* Release */ = {
			isa = XCBuildConfiguration;
			buildSettings = {
				ALWAYS_SEARCH_USER_PATHS = NO;
				ASSETCATALOG_COMPILER_GENERATE_SWIFT_ASSET_SYMBOL_EXTENSIONS = YES;
				CLANG_ANALYZER_NONNULL = YES;
				CLANG_ANALYZER_NUMBER_OBJECT_CONVERSION = YES_AGGRESSIVE;
				CLANG_CXX_LANGUAGE_STANDARD = "gnu++20";
				CLANG_ENABLE_MODULES = YES;
				CLANG_ENABLE_OBJC_ARC = YES;
				CLANG_ENABLE_OBJC_WEAK = YES;
				CLANG_WARN_BLOCK_CAPTURE_AUTORELEASING = YES;
				CLANG_WARN_BOOL_CONVERSION = YES;
				CLANG_WARN_COMMA = YES;
				CLANG_WARN_CONSTANT_CONVERSION = YES;
				CLANG_WARN_DEPRECATED_OBJC_IMPLEMENTATIONS = YES;
				CLANG_WARN_DIRECT_OBJC_ISA_USAGE = YES_ERROR;
				CLANG_WARN_DOCUMENTATION_COMMENTS = YES;
				CLANG_WARN_EMPTY_BODY = YES;
				CLANG_WARN_ENUM_CONVERSION = YES;
				CLANG_WARN_INFINITE_RECURSION = YES;
				CLANG_WARN_INT_CONVERSION = YES;
				CLANG_WARN_NON_LITERAL_NULL_CONVERSION = YES;
				CLANG_WARN_OBJC_IMPLICIT_RETAIN_SELF = YES;
				CLANG_WARN_OBJC_LITERAL_CONVERSION = YES;
				CLANG_WARN_OBJC_ROOT_CLASS = YES_ERROR;
				CLANG_WARN_QUOTED_INCLUDE_IN_FRAMEWORK_HEADER = YES;
				CLANG_WARN_RANGE_LOOP_ANALYSIS = YES;
				CLANG_WARN_STRICT_PROTOTYPES = YES;
				CLANG_WARN_SUSPICIOUS_MOVE = YES;
				CLANG_WARN_UNGUARDED_AVAILABILITY = YES_AGGRESSIVE;
				CLANG_WARN_UNREACHABLE_CODE = YES;
				CLANG_WARN__DUPLICATE_METHOD_MATCH = YES;
				COPY_PHASE_STRIP = NO;
				DEBUG_INFORMATION_FORMAT = "dwarf-with-dsym";
				DEVELOPMENT_TEAM = AQ4G5FP8KF;
				ENABLE_NS_ASSERTIONS = NO;
				ENABLE_STRICT_OBJC_MSGSEND = YES;
				ENABLE_USER_SCRIPT_SANDBOXING = YES;
				GCC_C_LANGUAGE_STANDARD = gnu17;
				GCC_NO_COMMON_BLOCKS = YES;
				GCC_WARN_64_TO_32_BIT_CONVERSION = YES;
				GCC_WARN_ABOUT_RETURN_TYPE = YES_ERROR;
				GCC_WARN_UNDECLARED_SELECTOR = YES;
				GCC_WARN_UNINITIALIZED_AUTOS = YES_AGGRESSIVE;
				GCC_WARN_UNUSED_FUNCTION = YES;
				GCC_WARN_UNUSED_VARIABLE = YES;
				IPHONEOS_DEPLOYMENT_TARGET = 26.0;
				LOCALIZATION_PREFERS_STRING_CATALOGS = YES;
				MTL_ENABLE_DEBUG_INFO = NO;
				MTL_FAST_MATH = YES;
				SDKROOT = iphoneos;
				STRING_CATALOG_GENERATE_SYMBOLS = YES;
				SWIFT_COMPILATION_MODE = wholemodule;
				VALIDATE_PRODUCT = YES;
			};
			name = Release;
		};
		1D00000C294B8F5B00C8A8A8 /* Debug */ = {
			isa = XCBuildConfiguration;
			baseConfigurationReference = BB1C01AA876D5C55E2B8D9AE /* Pods-MortgageGuardian.debug.xcconfig */;
			buildSettings = {
				ASSETCATALOG_COMPILER_APPICON_NAME = AppIcon;
				ASSETCATALOG_COMPILER_GLOBAL_ACCENT_COLOR_NAME = AccentColor;
				ASSETCATALOG_COMPILER_INCLUDE_ALL_APPICON_ASSETS = YES;
				CODE_SIGN_STYLE = Automatic;
				CURRENT_PROJECT_VERSION = 1;
				DEVELOPMENT_ASSET_PATHS = "\"MortgageGuardian/Preview Content\"";
				ENABLE_PREVIEWS = YES;
				GENERATE_INFOPLIST_FILE = YES;
				INFOPLIST_KEY_CFBundleDisplayName = "Mortgage Guardian";
				INFOPLIST_KEY_LSApplicationCategoryType = "public.app-category.finance";
				INFOPLIST_KEY_UIApplicationSceneManifest_Generation = YES;
				INFOPLIST_KEY_UIApplicationSupportsIndirectInputEvents = YES;
				INFOPLIST_KEY_UILaunchScreen_Generation = YES;
				INFOPLIST_KEY_UISupportedInterfaceOrientations = "UIInterfaceOrientationPortrait UIInterfaceOrientationLandscapeLeft UIInterfaceOrientationLandscapeRight";
				INFOPLIST_KEY_UISupportedInterfaceOrientations_iPad = "UIInterfaceOrientationPortrait UIInterfaceOrientationPortraitUpsideDown UIInterfaceOrientationLandscapeLeft UIInterfaceOrientationLandscapeRight";
				INFOPLIST_KEY_UISupportedInterfaceOrientations_iPhone = "UIInterfaceOrientationPortrait UIInterfaceOrientationLandscapeLeft UIInterfaceOrientationLandscapeRight";
				IPHONEOS_DEPLOYMENT_TARGET = 26.0;
				LD_RUNPATH_SEARCH_PATHS = (
					"$(inherited)",
					"@executable_path/Frameworks",
				);
				MARKETING_VERSION = 1.0;
				PRODUCT_BUNDLE_IDENTIFIER = com.nickgarrison.mortgageguardian;
				PRODUCT_NAME = "$(TARGET_NAME)";
				SWIFT_EMIT_LOC_STRINGS = YES;
				SWIFT_VERSION = 5.0;
				TARGETED_DEVICE_FAMILY = "1,2";
			};
			name = Debug;
		};
		1D00000D294B8F5B00C8A8A8 /* Release */ = {
			isa = XCBuildConfiguration;
			baseConfigurationReference = 557D367C5DDDAFE60DCAF5CF /* Pods-MortgageGuardian.release.xcconfig */;
			buildSettings = {
				ASSETCATALOG_COMPILER_APPICON_NAME = AppIcon;
				ASSETCATALOG_COMPILER_GLOBAL_ACCENT_COLOR_NAME = AccentColor;
				ASSETCATALOG_COMPILER_INCLUDE_ALL_APPICON_ASSETS = YES;
				CODE_SIGN_STYLE = Automatic;
				CURRENT_PROJECT_VERSION = 1;
				DEVELOPMENT_ASSET_PATHS = "\"MortgageGuardian/Preview Content\"";
				ENABLE_PREVIEWS = YES;
				GENERATE_INFOPLIST_FILE = YES;
				INFOPLIST_KEY_CFBundleDisplayName = "Mortgage Guardian";
				INFOPLIST_KEY_LSApplicationCategoryType = "public.app-category.finance";
				INFOPLIST_KEY_UIApplicationSceneManifest_Generation = YES;
				INFOPLIST_KEY_UIApplicationSupportsIndirectInputEvents = YES;
				INFOPLIST_KEY_UILaunchScreen_Generation = YES;
				INFOPLIST_KEY_UISupportedInterfaceOrientations = "UIInterfaceOrientationPortrait UIInterfaceOrientationLandscapeLeft UIInterfaceOrientationLandscapeRight";
				INFOPLIST_KEY_UISupportedInterfaceOrientations_iPad = "UIInterfaceOrientationPortrait UIInterfaceOrientationPortraitUpsideDown UIInterfaceOrientationLandscapeLeft UIInterfaceOrientationLandscapeRight";
				INFOPLIST_KEY_UISupportedInterfaceOrientations_iPhone = "UIInterfaceOrientationPortrait UIInterfaceOrientationLandscapeLeft UIInterfaceOrientationLandscapeRight";
				IPHONEOS_DEPLOYMENT_TARGET = 26.0;
				LD_RUNPATH_SEARCH_PATHS = (
					"$(inherited)",
					"@executable_path/Frameworks",
				);
				MARKETING_VERSION = 1.0;
				PRODUCT_BUNDLE_IDENTIFIER = com.nickgarrison.mortgageguardian;
				PRODUCT_NAME = "$(TARGET_NAME)";
				SWIFT_EMIT_LOC_STRINGS = YES;
				SWIFT_VERSION = 5.0;
				TARGETED_DEVICE_FAMILY = "1,2";
			};
			name = Release;
		};
/* End XCBuildConfiguration section */

/* Begin XCConfigurationList section */
		1D00000B294B8F5B00C8A8A8 /* Build configuration list for PBXNativeTarget "MortgageGuardian" */ = {
			isa = XCConfigurationList;
			buildConfigurations = (
				1D00000C294B8F5B00C8A8A8 /* Debug */,
				1D00000D294B8F5B00C8A8A8 /* Release */,
			);
			defaultConfigurationIsVisible = 0;
			defaultConfigurationName = Release;
		};
		1DFDFDEB294B8F5A00C8A8A8 /* Build configuration list for PBXProject "MortgageGuardian" */ = {
			isa = XCConfigurationList;
			buildConfigurations = (
				1D000009294B8F5B00C8A8A8 /* Debug */,
				1D00000A294B8F5B00C8A8A8 /* Release */,
			);
			defaultConfigurationIsVisible = 0;
			defaultConfigurationName = Release;
		};
/* End XCConfigurationList section */
	};
	rootObject = 1DFDFDEE294B8F5A00C8A8A8 /* Project object */;
}
